
Microsoft Visual Studio Solution File, Format Version 12.00
# Visual Studio Version 17
VisualStudioVersion = 17.9.34701.34
MinimumVisualStudioVersion = 10.0.40219.1
Project("{9A19103F-16F7-4668-BE54-9A1E7A4F7556}") = "CloudStorageTest.API", "CloudStorageTest.API\CloudStorageTest.API.csproj", "{3CEE7908-B6B9-4EEF-8879-5CD9D10017C7}"
EndProject
Project("{9A19103F-16F7-4668-BE54-9A1E7A4F7556}") = "CloudStorageTest.Aplication", "CloudStorageTest.Aplication\CloudStorageTest.Aplication.csproj", "{B67A3DD3-0DDC-46E3-9D87-4CFA5675F064}"
EndProject
Project("{FAE04EC0-301F-11D3-BF4B-00C04F79EFBC}") = "CloudStorageTest.Infrastructure", "CloudStorageTest.Infrastructure\CloudStorageTest.Infrastructure.csproj", "{0F1DB2C2-F5D8-4A65-9238-C24A2D98634F}"
EndProject
Project("{FAE04EC0-301F-11D3-BF4B-00C04F79EFBC}") = "CloudStorageTest.Domain", "CloudStorageTest.Domain\CloudStorageTest.Domain.csproj", "{37AEB3BA-A4B5-43AA-8CEC-CD9D1B615B49}"
EndProject
Global
	GlobalSection(SolutionConfigurationPlatforms) = preSolution
		Debug|Any CPU = Debug|Any CPU
		Release|Any CPU = Release|Any CPU
	EndGlobalSection
	GlobalSection(ProjectConfigurationPlatforms) = postSolution
		{3CEE7908-B6B9-4EEF-8879-5CD9D10017C7}.Debug|Any CPU.ActiveCfg = Debug|Any CPU
		{3CEE7908-B6B9-4EEF-8879-5CD9D10017C7}.Debug|Any CPU.Build.0 = Debug|Any CPU
		{3CEE7908-B6B9-4EEF-8879-5CD9D10017C7}.Release|Any CPU.ActiveCfg = Release|Any CPU
		{3CEE7908-B6B9-4EEF-8879-5CD9D10017C7}.Release|Any CPU.Build.0 = Release|Any CPU
		{B67A3DD3-0DDC-46E3-9D87-4CFA5675F064}.Debug|Any CPU.ActiveCfg = Debug|Any CPU
		{B67A3DD3-0DDC-46E3-9D87-4CFA5675F064}.Debug|Any CPU.Build.0 = Debug|Any CPU
		{B67A3DD3-0DDC-46E3-9D87-4CFA5675F064}.Release|Any CPU.ActiveCfg = Release|Any CPU
		{B67A3DD3-0DDC-46E3-9D87-4CFA5675F064}.Release|Any CPU.Build.0 = Release|Any CPU
		{0F1DB2C2-F5D8-4A65-9238-C24A2D98634F}.Debug|Any CPU.ActiveCfg = Debug|Any CPU
		{0F1DB2C2-F5D8-4A65-9238-C24A2D98634F}.Debug|Any CPU.Build.0 = Debug|Any CPU
		{0F1DB2C2-F5D8-4A65-9238-C24A2D98634F}.Release|Any CPU.ActiveCfg = Release|Any CPU
		{0F1DB2C2-F5D8-4A65-9238-C24A2D98634F}.Release|Any CPU.Build.0 = Release|Any CPU
		{37AEB3BA-A4B5-43AA-8CEC-CD9D1B615B49}.Debug|Any CPU.ActiveCfg = Debug|Any CPU
		{37AEB3BA-A4B5-43AA-8CEC-CD9D1B615B49}.Debug|Any CPU.Build.0 = Debug|Any CPU
		{37AEB3BA-A4B5-43AA-8CEC-CD9D1B615B49}.Release|Any CPU.ActiveCfg = Release|Any CPU
		{37AEB3BA-A4B5-43AA-8CEC-CD9D1B615B49}.Release|Any CPU.Build.0 = Release|Any CPU
	EndGlobalSection
	GlobalSection(SolutionProperties) = preSolution
		HideSolutionNode = FALSE
	EndGlobalSection
	GlobalSection(ExtensibilityGlobals) = postSolution
		SolutionGuid = {50CF149C-BDA3-44E2-B047-09F2E13C26EB}
	EndGlobalSection
EndGlobal
